// !$*UTF8*$!
{
	archiveVersion = 1;
	classes = {
	};
	objectVersion = 50;
	objects = {

/* Begin PBXBuildFile section */
		0FDAF6F074A184E671241F77 /* Pods_KeyprTestTask.framework in Frameworks */ = {isa = PBXBuildFile; fileRef = 4AD79F81DF133911425DB570 /* Pods_KeyprTestTask.framework */; };
		2473AEC42194A71400F6323B /* AppDelegate.swift in Sources */ = {isa = PBXBuildFile; fileRef = 2473AEC32194A71400F6323B /* AppDelegate.swift */; };
		2473AEC62194A71400F6323B /* MainVC.swift in Sources */ = {isa = PBXBuildFile; fileRef = 2473AEC52194A71400F6323B /* MainVC.swift */; };
		2473AECC2194A71400F6323B /* KeyprTestTask.xcdatamodeld in Sources */ = {isa = PBXBuildFile; fileRef = 2473AECA2194A71400F6323B /* KeyprTestTask.xcdatamodeld */; };
		2473AECE2194A71600F6323B /* Assets.xcassets in Resources */ = {isa = PBXBuildFile; fileRef = 2473AECD2194A71600F6323B /* Assets.xcassets */; };
		2473AED12194A71700F6323B /* LaunchScreen.storyboard in Resources */ = {isa = PBXBuildFile; fileRef = 2473AECF2194A71700F6323B /* LaunchScreen.storyboard */; };
		2473AEDC2194A71700F6323B /* KeyprTestTaskTests.swift in Sources */ = {isa = PBXBuildFile; fileRef = 2473AEDB2194A71700F6323B /* KeyprTestTaskTests.swift */; };
		2473AEE72194A71700F6323B /* KeyprTestTaskUITests.swift in Sources */ = {isa = PBXBuildFile; fileRef = 2473AEE62194A71700F6323B /* KeyprTestTaskUITests.swift */; };
		2473AEF52194A79800F6323B /* APIService.swift in Sources */ = {isa = PBXBuildFile; fileRef = 2473AEF42194A79800F6323B /* APIService.swift */; };
		2473AEF72194B05800F6323B /* WeatherService.swift in Sources */ = {isa = PBXBuildFile; fileRef = 2473AEF62194B05800F6323B /* WeatherService.swift */; };
		428DDD80F191C3486084F93A /* Pods_KeyprTestTaskTests.framework in Frameworks */ = {isa = PBXBuildFile; fileRef = 957C6F80098070932F6A2BD8 /* Pods_KeyprTestTaskTests.framework */; };
		49FA57C0C11B0F5CB465D9C4 /* Pods_KeyprTestTaskUITests.framework in Frameworks */ = {isa = PBXBuildFile; fileRef = 75A607286915506CEDCF5B3D /* Pods_KeyprTestTaskUITests.framework */; };
		CE396AF5219729CF0027234B /* Weather+APIResponse.swift in Sources */ = {isa = PBXBuildFile; fileRef = CE396AF4219729CF0027234B /* Weather+APIResponse.swift */; };
		CE5B789D2197159300E44A3E /* Main.storyboard in Resources */ = {isa = PBXBuildFile; fileRef = CE5B789C2197159300E44A3E /* Main.storyboard */; };
		CE5B78A821971F7B00E44A3E /* CoreDataStack.swift in Sources */ = {isa = PBXBuildFile; fileRef = CE5B78A721971F7B00E44A3E /* CoreDataStack.swift */; };
		CE5B78B52197209400E44A3E /* Weather+CoreDataClass.swift in Sources */ = {isa = PBXBuildFile; fileRef = CE5B78B12197209400E44A3E /* Weather+CoreDataClass.swift */; };
		CE5B78B62197209400E44A3E /* Weather+CoreDataProperties.swift in Sources */ = {isa = PBXBuildFile; fileRef = CE5B78B22197209400E44A3E /* Weather+CoreDataProperties.swift */; };
		CE5B78B72197209400E44A3E /* City+CoreDataClass.swift in Sources */ = {isa = PBXBuildFile; fileRef = CE5B78B32197209400E44A3E /* City+CoreDataClass.swift */; };
		CE5B78B82197209400E44A3E /* City+CoreDataProperties.swift in Sources */ = {isa = PBXBuildFile; fileRef = CE5B78B42197209400E44A3E /* City+CoreDataProperties.swift */; };
		CE7AD2AB2197890F00180B8E /* CityWeatherCell.swift in Sources */ = {isa = PBXBuildFile; fileRef = CE7AD2AA2197890F00180B8E /* CityWeatherCell.swift */; };
		CE7AD2AE21981ABC00180B8E /* UIColor+Util.swift in Sources */ = {isa = PBXBuildFile; fileRef = CE7AD2AD21981ABC00180B8E /* UIColor+Util.swift */; };
		CE7AD2B021981D1E00180B8E /* String+Util.swift in Sources */ = {isa = PBXBuildFile; fileRef = CE7AD2AF21981D1E00180B8E /* String+Util.swift */; };
		CE7AD2B2219820D500180B8E /* UINavigationItem+Util.swift in Sources */ = {isa = PBXBuildFile; fileRef = CE7AD2B1219820D500180B8E /* UINavigationItem+Util.swift */; };
		CEE2436B219830D5009B0EA5 /* UIApplication+StatusBar.swift in Sources */ = {isa = PBXBuildFile; fileRef = CEE2436A219830D5009B0EA5 /* UIApplication+StatusBar.swift */; };
		CEE2436D219862B1009B0EA5 /* UIView+Animation.swift in Sources */ = {isa = PBXBuildFile; fileRef = CEE2436C219862B1009B0EA5 /* UIView+Animation.swift */; };
		CEF6F5502198974000A72383 /* NetworkManager.swift in Sources */ = {isa = PBXBuildFile; fileRef = CEF6F54F2198974000A72383 /* NetworkManager.swift */; };
		CEF6F5542198A37200A72383 /* CityCellViewModel.swift in Sources */ = {isa = PBXBuildFile; fileRef = CEF6F5532198A37200A72383 /* CityCellViewModel.swift */; };
		CEF6F5572198DB0000A72383 /* MainVCPresenter.swift in Sources */ = {isa = PBXBuildFile; fileRef = CEF6F5562198DB0000A72383 /* MainVCPresenter.swift */; };
		CEF6F5592198E9EE00A72383 /* UIAccessibilityIdentifiers.swift in Sources */ = {isa = PBXBuildFile; fileRef = CEF6F5582198E9EE00A72383 /* UIAccessibilityIdentifiers.swift */; };
		CEF6F55A2198E9F400A72383 /* UIAccessibilityIdentifiers.swift in Sources */ = {isa = PBXBuildFile; fileRef = CEF6F5582198E9EE00A72383 /* UIAccessibilityIdentifiers.swift */; };
		CEF6F55E2198FB3C00A72383 /* README.md in Resources */ = {isa = PBXBuildFile; fileRef = CEF6F55D2198FB3C00A72383 /* README.md */; };
/* End PBXBuildFile section */

/* Begin PBXContainerItemProxy section */
		2473AED82194A71700F6323B /* PBXContainerItemProxy */ = {
			isa = PBXContainerItemProxy;
			containerPortal = 2473AEB82194A71400F6323B /* Project object */;
			proxyType = 1;
			remoteGlobalIDString = 2473AEBF2194A71400F6323B;
			remoteInfo = KeyprTestTask;
		};
		2473AEE32194A71700F6323B /* PBXContainerItemProxy */ = {
			isa = PBXContainerItemProxy;
			containerPortal = 2473AEB82194A71400F6323B /* Project object */;
			proxyType = 1;
			remoteGlobalIDString = 2473AEBF2194A71400F6323B;
			remoteInfo = KeyprTestTask;
		};
/* End PBXContainerItemProxy section */

/* Begin PBXFileReference section */
		0BA8751F0F3874DBBA101E1E /* Pods-KeyprTestTask.debug.xcconfig */ = {isa = PBXFileReference; includeInIndex = 1; lastKnownFileType = text.xcconfig; name = "Pods-KeyprTestTask.debug.xcconfig"; path = "Pods/Target Support Files/Pods-KeyprTestTask/Pods-KeyprTestTask.debug.xcconfig"; sourceTree = "<group>"; };
		1CED5FB9CC19FD516CA2D4E8 /* Pods-KeyprTestTask.release.xcconfig */ = {isa = PBXFileReference; includeInIndex = 1; lastKnownFileType = text.xcconfig; name = "Pods-KeyprTestTask.release.xcconfig"; path = "Pods/Target Support Files/Pods-KeyprTestTask/Pods-KeyprTestTask.release.xcconfig"; sourceTree = "<group>"; };
		22D129459C4503AEEBB6573C /* Pods-KeyprTestTaskTests.debug.xcconfig */ = {isa = PBXFileReference; includeInIndex = 1; lastKnownFileType = text.xcconfig; name = "Pods-KeyprTestTaskTests.debug.xcconfig"; path = "Pods/Target Support Files/Pods-KeyprTestTaskTests/Pods-KeyprTestTaskTests.debug.xcconfig"; sourceTree = "<group>"; };
		2473AEC02194A71400F6323B /* KeyprTestTask.app */ = {isa = PBXFileReference; explicitFileType = wrapper.application; includeInIndex = 0; path = KeyprTestTask.app; sourceTree = BUILT_PRODUCTS_DIR; };
		2473AEC32194A71400F6323B /* AppDelegate.swift */ = {isa = PBXFileReference; lastKnownFileType = sourcecode.swift; path = AppDelegate.swift; sourceTree = "<group>"; };
		2473AEC52194A71400F6323B /* MainVC.swift */ = {isa = PBXFileReference; lastKnownFileType = sourcecode.swift; path = MainVC.swift; sourceTree = "<group>"; };
		2473AECB2194A71400F6323B /* KeyprTestTask.xcdatamodel */ = {isa = PBXFileReference; lastKnownFileType = wrapper.xcdatamodel; path = KeyprTestTask.xcdatamodel; sourceTree = "<group>"; };
		2473AECD2194A71600F6323B /* Assets.xcassets */ = {isa = PBXFileReference; lastKnownFileType = folder.assetcatalog; path = Assets.xcassets; sourceTree = "<group>"; };
		2473AED02194A71700F6323B /* Base */ = {isa = PBXFileReference; lastKnownFileType = file.storyboard; name = Base; path = Base.lproj/LaunchScreen.storyboard; sourceTree = "<group>"; };
		2473AED22194A71700F6323B /* Info.plist */ = {isa = PBXFileReference; lastKnownFileType = text.plist.xml; path = Info.plist; sourceTree = "<group>"; };
		2473AED72194A71700F6323B /* KeyprTestTaskTests.xctest */ = {isa = PBXFileReference; explicitFileType = wrapper.cfbundle; includeInIndex = 0; path = KeyprTestTaskTests.xctest; sourceTree = BUILT_PRODUCTS_DIR; };
		2473AEDB2194A71700F6323B /* KeyprTestTaskTests.swift */ = {isa = PBXFileReference; lastKnownFileType = sourcecode.swift; path = KeyprTestTaskTests.swift; sourceTree = "<group>"; };
		2473AEDD2194A71700F6323B /* Info.plist */ = {isa = PBXFileReference; lastKnownFileType = text.plist.xml; path = Info.plist; sourceTree = "<group>"; };
		2473AEE22194A71700F6323B /* KeyprTestTaskUITests.xctest */ = {isa = PBXFileReference; explicitFileType = wrapper.cfbundle; includeInIndex = 0; path = KeyprTestTaskUITests.xctest; sourceTree = BUILT_PRODUCTS_DIR; };
		2473AEE62194A71700F6323B /* KeyprTestTaskUITests.swift */ = {isa = PBXFileReference; lastKnownFileType = sourcecode.swift; path = KeyprTestTaskUITests.swift; sourceTree = "<group>"; };
		2473AEE82194A71700F6323B /* Info.plist */ = {isa = PBXFileReference; lastKnownFileType = text.plist.xml; path = Info.plist; sourceTree = "<group>"; };
		2473AEF42194A79800F6323B /* APIService.swift */ = {isa = PBXFileReference; lastKnownFileType = sourcecode.swift; path = APIService.swift; sourceTree = "<group>"; };
		2473AEF62194B05800F6323B /* WeatherService.swift */ = {isa = PBXFileReference; lastKnownFileType = sourcecode.swift; path = WeatherService.swift; sourceTree = "<group>"; };
		4AD79F81DF133911425DB570 /* Pods_KeyprTestTask.framework */ = {isa = PBXFileReference; explicitFileType = wrapper.framework; includeInIndex = 0; path = Pods_KeyprTestTask.framework; sourceTree = BUILT_PRODUCTS_DIR; };
		5ADB43A51B1E5F17F4F67CC3 /* Pods-KeyprTestTaskUITests.release.xcconfig */ = {isa = PBXFileReference; includeInIndex = 1; lastKnownFileType = text.xcconfig; name = "Pods-KeyprTestTaskUITests.release.xcconfig"; path = "Pods/Target Support Files/Pods-KeyprTestTaskUITests/Pods-KeyprTestTaskUITests.release.xcconfig"; sourceTree = "<group>"; };
		5FD14A7114439B7AEA03C8BD /* Pods-KeyprTestTaskUITests.debug.xcconfig */ = {isa = PBXFileReference; includeInIndex = 1; lastKnownFileType = text.xcconfig; name = "Pods-KeyprTestTaskUITests.debug.xcconfig"; path = "Pods/Target Support Files/Pods-KeyprTestTaskUITests/Pods-KeyprTestTaskUITests.debug.xcconfig"; sourceTree = "<group>"; };
		75A607286915506CEDCF5B3D /* Pods_KeyprTestTaskUITests.framework */ = {isa = PBXFileReference; explicitFileType = wrapper.framework; includeInIndex = 0; path = Pods_KeyprTestTaskUITests.framework; sourceTree = BUILT_PRODUCTS_DIR; };
		957C6F80098070932F6A2BD8 /* Pods_KeyprTestTaskTests.framework */ = {isa = PBXFileReference; explicitFileType = wrapper.framework; includeInIndex = 0; path = Pods_KeyprTestTaskTests.framework; sourceTree = BUILT_PRODUCTS_DIR; };
		CE396AF4219729CF0027234B /* Weather+APIResponse.swift */ = {isa = PBXFileReference; lastKnownFileType = sourcecode.swift; path = "Weather+APIResponse.swift"; sourceTree = "<group>"; };
		CE5B789C2197159300E44A3E /* Main.storyboard */ = {isa = PBXFileReference; lastKnownFileType = file.storyboard; path = Main.storyboard; sourceTree = "<group>"; };
		CE5B78A721971F7B00E44A3E /* CoreDataStack.swift */ = {isa = PBXFileReference; fileEncoding = 4; lastKnownFileType = sourcecode.swift; path = CoreDataStack.swift; sourceTree = "<group>"; };
		CE5B78B12197209400E44A3E /* Weather+CoreDataClass.swift */ = {isa = PBXFileReference; lastKnownFileType = sourcecode.swift; path = "Weather+CoreDataClass.swift"; sourceTree = "<group>"; };
		CE5B78B22197209400E44A3E /* Weather+CoreDataProperties.swift */ = {isa = PBXFileReference; lastKnownFileType = sourcecode.swift; path = "Weather+CoreDataProperties.swift"; sourceTree = "<group>"; };
		CE5B78B32197209400E44A3E /* City+CoreDataClass.swift */ = {isa = PBXFileReference; lastKnownFileType = sourcecode.swift; path = "City+CoreDataClass.swift"; sourceTree = "<group>"; };
		CE5B78B42197209400E44A3E /* City+CoreDataProperties.swift */ = {isa = PBXFileReference; lastKnownFileType = sourcecode.swift; path = "City+CoreDataProperties.swift"; sourceTree = "<group>"; };
		CE7AD2AA2197890F00180B8E /* CityWeatherCell.swift */ = {isa = PBXFileReference; lastKnownFileType = sourcecode.swift; path = CityWeatherCell.swift; sourceTree = "<group>"; };
		CE7AD2AD21981ABC00180B8E /* UIColor+Util.swift */ = {isa = PBXFileReference; lastKnownFileType = sourcecode.swift; path = "UIColor+Util.swift"; sourceTree = "<group>"; };
		CE7AD2AF21981D1E00180B8E /* String+Util.swift */ = {isa = PBXFileReference; lastKnownFileType = sourcecode.swift; path = "String+Util.swift"; sourceTree = "<group>"; };
		CE7AD2B1219820D500180B8E /* UINavigationItem+Util.swift */ = {isa = PBXFileReference; lastKnownFileType = sourcecode.swift; path = "UINavigationItem+Util.swift"; sourceTree = "<group>"; };
		CEE2436A219830D5009B0EA5 /* UIApplication+StatusBar.swift */ = {isa = PBXFileReference; lastKnownFileType = sourcecode.swift; path = "UIApplication+StatusBar.swift"; sourceTree = "<group>"; };
		CEE2436C219862B1009B0EA5 /* UIView+Animation.swift */ = {isa = PBXFileReference; lastKnownFileType = sourcecode.swift; path = "UIView+Animation.swift"; sourceTree = "<group>"; };
		CEF6F54F2198974000A72383 /* NetworkManager.swift */ = {isa = PBXFileReference; lastKnownFileType = sourcecode.swift; path = NetworkManager.swift; sourceTree = "<group>"; };
		CEF6F5532198A37200A72383 /* CityCellViewModel.swift */ = {isa = PBXFileReference; lastKnownFileType = sourcecode.swift; path = CityCellViewModel.swift; sourceTree = "<group>"; };
		CEF6F5562198DB0000A72383 /* MainVCPresenter.swift */ = {isa = PBXFileReference; lastKnownFileType = sourcecode.swift; path = MainVCPresenter.swift; sourceTree = "<group>"; };
		CEF6F5582198E9EE00A72383 /* UIAccessibilityIdentifiers.swift */ = {isa = PBXFileReference; lastKnownFileType = sourcecode.swift; path = UIAccessibilityIdentifiers.swift; sourceTree = "<group>"; };
		CEF6F55D2198FB3C00A72383 /* README.md */ = {isa = PBXFileReference; fileEncoding = 4; lastKnownFileType = net.daringfireball.markdown; path = README.md; sourceTree = SOURCE_ROOT; };
		F728FFAC41367254BDCA38AA /* Pods-KeyprTestTaskTests.release.xcconfig */ = {isa = PBXFileReference; includeInIndex = 1; lastKnownFileType = text.xcconfig; name = "Pods-KeyprTestTaskTests.release.xcconfig"; path = "Pods/Target Support Files/Pods-KeyprTestTaskTests/Pods-KeyprTestTaskTests.release.xcconfig"; sourceTree = "<group>"; };
/* End PBXFileReference section */

/* Begin PBXFrameworksBuildPhase section */
		2473AEBD2194A71400F6323B /* Frameworks */ = {
			isa = PBXFrameworksBuildPhase;
			buildActionMask = 2147483647;
			files = (
				0FDAF6F074A184E671241F77 /* Pods_KeyprTestTask.framework in Frameworks */,
			);
			runOnlyForDeploymentPostprocessing = 0;
		};
		2473AED42194A71700F6323B /* Frameworks */ = {
			isa = PBXFrameworksBuildPhase;
			buildActionMask = 2147483647;
			files = (
				428DDD80F191C3486084F93A /* Pods_KeyprTestTaskTests.framework in Frameworks */,
			);
			runOnlyForDeploymentPostprocessing = 0;
		};
		2473AEDF2194A71700F6323B /* Frameworks */ = {
			isa = PBXFrameworksBuildPhase;
			buildActionMask = 2147483647;
			files = (
				49FA57C0C11B0F5CB465D9C4 /* Pods_KeyprTestTaskUITests.framework in Frameworks */,
			);
			runOnlyForDeploymentPostprocessing = 0;
		};
/* End PBXFrameworksBuildPhase section */

/* Begin PBXGroup section */
		0B84F06B41C1D2EFAC2C1503 /* Pods */ = {
			isa = PBXGroup;
			children = (
				0BA8751F0F3874DBBA101E1E /* Pods-KeyprTestTask.debug.xcconfig */,
				1CED5FB9CC19FD516CA2D4E8 /* Pods-KeyprTestTask.release.xcconfig */,
				22D129459C4503AEEBB6573C /* Pods-KeyprTestTaskTests.debug.xcconfig */,
				F728FFAC41367254BDCA38AA /* Pods-KeyprTestTaskTests.release.xcconfig */,
				5FD14A7114439B7AEA03C8BD /* Pods-KeyprTestTaskUITests.debug.xcconfig */,
				5ADB43A51B1E5F17F4F67CC3 /* Pods-KeyprTestTaskUITests.release.xcconfig */,
			);
			name = Pods;
			sourceTree = "<group>";
		};
		2473AEB72194A71400F6323B = {
			isa = PBXGroup;
			children = (
				2473AEC22194A71400F6323B /* KeyprTestTask */,
				2473AEDA2194A71700F6323B /* KeyprTestTaskTests */,
				2473AEE52194A71700F6323B /* KeyprTestTaskUITests */,
				2473AEC12194A71400F6323B /* Products */,
				0B84F06B41C1D2EFAC2C1503 /* Pods */,
				F213A8D035DEE34B3E8FA0E3 /* Frameworks */,
			);
			sourceTree = "<group>";
		};
		2473AEC12194A71400F6323B /* Products */ = {
			isa = PBXGroup;
			children = (
				2473AEC02194A71400F6323B /* KeyprTestTask.app */,
				2473AED72194A71700F6323B /* KeyprTestTaskTests.xctest */,
				2473AEE22194A71700F6323B /* KeyprTestTaskUITests.xctest */,
			);
			name = Products;
			sourceTree = "<group>";
		};
		2473AEC22194A71400F6323B /* KeyprTestTask */ = {
			isa = PBXGroup;
			children = (
				CEF6F5552198A91E00A72383 /* Cells */,
				CE5B789E21971E9300E44A3E /* Model */,
				CE7AD2AC21981A8800180B8E /* Utilities */,
				2473AEC32194A71400F6323B /* AppDelegate.swift */,
				2473AEC52194A71400F6323B /* MainVC.swift */,
				CEF6F5562198DB0000A72383 /* MainVCPresenter.swift */,
				2473AEF62194B05800F6323B /* WeatherService.swift */,
				2473AEF42194A79800F6323B /* APIService.swift */,
				CEF6F54F2198974000A72383 /* NetworkManager.swift */,
				CEF6F55D2198FB3C00A72383 /* README.md */,
				2473AECD2194A71600F6323B /* Assets.xcassets */,
				2473AECF2194A71700F6323B /* LaunchScreen.storyboard */,
				2473AED22194A71700F6323B /* Info.plist */,
				2473AECA2194A71400F6323B /* KeyprTestTask.xcdatamodeld */,
				CE5B789C2197159300E44A3E /* Main.storyboard */,
				CEF6F5582198E9EE00A72383 /* UIAccessibilityIdentifiers.swift */,
			);
			path = KeyprTestTask;
			sourceTree = "<group>";
		};
		2473AEDA2194A71700F6323B /* KeyprTestTaskTests */ = {
			isa = PBXGroup;
			children = (
				2473AEDB2194A71700F6323B /* KeyprTestTaskTests.swift */,
				2473AEDD2194A71700F6323B /* Info.plist */,
			);
			path = KeyprTestTaskTests;
			sourceTree = "<group>";
		};
		2473AEE52194A71700F6323B /* KeyprTestTaskUITests */ = {
			isa = PBXGroup;
			children = (
				2473AEE62194A71700F6323B /* KeyprTestTaskUITests.swift */,
				2473AEE82194A71700F6323B /* Info.plist */,
			);
			path = KeyprTestTaskUITests;
			sourceTree = "<group>";
		};
		CE5B789E21971E9300E44A3E /* Model */ = {
			isa = PBXGroup;
			children = (
				CE5B78B32197209400E44A3E /* City+CoreDataClass.swift */,
				CE5B78B42197209400E44A3E /* City+CoreDataProperties.swift */,
				CE5B78B12197209400E44A3E /* Weather+CoreDataClass.swift */,
				CE5B78B22197209400E44A3E /* Weather+CoreDataProperties.swift */,
				CE396AF4219729CF0027234B /* Weather+APIResponse.swift */,
				CE5B78A721971F7B00E44A3E /* CoreDataStack.swift */,
			);
			path = Model;
			sourceTree = "<group>";
		};
		CE7AD2AC21981A8800180B8E /* Utilities */ = {
			isa = PBXGroup;
			children = (
				CE7AD2AD21981ABC00180B8E /* UIColor+Util.swift */,
				CE7AD2AF21981D1E00180B8E /* String+Util.swift */,
				CE7AD2B1219820D500180B8E /* UINavigationItem+Util.swift */,
				CEE2436A219830D5009B0EA5 /* UIApplication+StatusBar.swift */,
				CEE2436C219862B1009B0EA5 /* UIView+Animation.swift */,
			);
			path = Utilities;
			sourceTree = "<group>";
		};
		CEF6F5552198A91E00A72383 /* Cells */ = {
			isa = PBXGroup;
			children = (
				CE7AD2AA2197890F00180B8E /* CityWeatherCell.swift */,
				CEF6F5532198A37200A72383 /* CityCellViewModel.swift */,
			);
			path = Cells;
			sourceTree = "<group>";
		};
		F213A8D035DEE34B3E8FA0E3 /* Frameworks */ = {
			isa = PBXGroup;
			children = (
				4AD79F81DF133911425DB570 /* Pods_KeyprTestTask.framework */,
				957C6F80098070932F6A2BD8 /* Pods_KeyprTestTaskTests.framework */,
				75A607286915506CEDCF5B3D /* Pods_KeyprTestTaskUITests.framework */,
			);
			name = Frameworks;
			sourceTree = "<group>";
		};
/* End PBXGroup section */

/* Begin PBXNativeTarget section */
		2473AEBF2194A71400F6323B /* KeyprTestTask */ = {
			isa = PBXNativeTarget;
			buildConfigurationList = 2473AEEB2194A71700F6323B /* Build configuration list for PBXNativeTarget "KeyprTestTask" */;
			buildPhases = (
				5EA440F93B21D06CF8171FA2 /* [CP] Check Pods Manifest.lock */,
				2473AEBC2194A71400F6323B /* Sources */,
				2473AEBD2194A71400F6323B /* Frameworks */,
				2473AEBE2194A71400F6323B /* Resources */,
				69BDC113224CFA640F7CC191 /* [CP] Embed Pods Frameworks */,
			);
			buildRules = (
			);
			dependencies = (
			);
			name = KeyprTestTask;
			productName = KeyprTestTask;
			productReference = 2473AEC02194A71400F6323B /* KeyprTestTask.app */;
			productType = "com.apple.product-type.application";
		};
		2473AED62194A71700F6323B /* KeyprTestTaskTests */ = {
			isa = PBXNativeTarget;
			buildConfigurationList = 2473AEEE2194A71700F6323B /* Build configuration list for PBXNativeTarget "KeyprTestTaskTests" */;
			buildPhases = (
				8F1117CF919717AAB53B4A4B /* [CP] Check Pods Manifest.lock */,
				2473AED32194A71700F6323B /* Sources */,
				2473AED42194A71700F6323B /* Frameworks */,
				2473AED52194A71700F6323B /* Resources */,
			);
			buildRules = (
			);
			dependencies = (
				2473AED92194A71700F6323B /* PBXTargetDependency */,
			);
			name = KeyprTestTaskTests;
			productName = KeyprTestTaskTests;
			productReference = 2473AED72194A71700F6323B /* KeyprTestTaskTests.xctest */;
			productType = "com.apple.product-type.bundle.unit-test";
		};
		2473AEE12194A71700F6323B /* KeyprTestTaskUITests */ = {
			isa = PBXNativeTarget;
			buildConfigurationList = 2473AEF12194A71700F6323B /* Build configuration list for PBXNativeTarget "KeyprTestTaskUITests" */;
			buildPhases = (
				0BA0916A39FAD18C24C59123 /* [CP] Check Pods Manifest.lock */,
				2473AEDE2194A71700F6323B /* Sources */,
				2473AEDF2194A71700F6323B /* Frameworks */,
				2473AEE02194A71700F6323B /* Resources */,
			);
			buildRules = (
			);
			dependencies = (
				2473AEE42194A71700F6323B /* PBXTargetDependency */,
			);
			name = KeyprTestTaskUITests;
			productName = KeyprTestTaskUITests;
			productReference = 2473AEE22194A71700F6323B /* KeyprTestTaskUITests.xctest */;
			productType = "com.apple.product-type.bundle.ui-testing";
		};
/* End PBXNativeTarget section */

/* Begin PBXProject section */
		2473AEB82194A71400F6323B /* Project object */ = {
			isa = PBXProject;
			attributes = {
				LastSwiftUpdateCheck = 1000;
				LastUpgradeCheck = 1000;
				ORGANIZATIONNAME = bzink;
				TargetAttributes = {
					2473AEBF2194A71400F6323B = {
						CreatedOnToolsVersion = 10.0;
						SystemCapabilities = {
							com.apple.BackgroundModes = {
								enabled = 1;
							};
						};
					};
					2473AED62194A71700F6323B = {
						CreatedOnToolsVersion = 10.0;
						TestTargetID = 2473AEBF2194A71400F6323B;
					};
					2473AEE12194A71700F6323B = {
						CreatedOnToolsVersion = 10.0;
						TestTargetID = 2473AEBF2194A71400F6323B;
					};
				};
			};
			buildConfigurationList = 2473AEBB2194A71400F6323B /* Build configuration list for PBXProject "KeyprTestTask" */;
			compatibilityVersion = "Xcode 9.3";
			developmentRegion = en;
			hasScannedForEncodings = 0;
			knownRegions = (
				en,
				Base,
			);
			mainGroup = 2473AEB72194A71400F6323B;
			productRefGroup = 2473AEC12194A71400F6323B /* Products */;
			projectDirPath = "";
			projectRoot = "";
			targets = (
				2473AEBF2194A71400F6323B /* KeyprTestTask */,
				2473AED62194A71700F6323B /* KeyprTestTaskTests */,
				2473AEE12194A71700F6323B /* KeyprTestTaskUITests */,
			);
		};
/* End PBXProject section */

/* Begin PBXResourcesBuildPhase section */
		2473AEBE2194A71400F6323B /* Resources */ = {
			isa = PBXResourcesBuildPhase;
			buildActionMask = 2147483647;
			files = (
				CE5B789D2197159300E44A3E /* Main.storyboard in Resources */,
				2473AED12194A71700F6323B /* LaunchScreen.storyboard in Resources */,
				CEF6F55E2198FB3C00A72383 /* README.md in Resources */,
				2473AECE2194A71600F6323B /* Assets.xcassets in Resources */,
			);
			runOnlyForDeploymentPostprocessing = 0;
		};
		2473AED52194A71700F6323B /* Resources */ = {
			isa = PBXResourcesBuildPhase;
			buildActionMask = 2147483647;
			files = (
			);
			runOnlyForDeploymentPostprocessing = 0;
		};
		2473AEE02194A71700F6323B /* Resources */ = {
			isa = PBXResourcesBuildPhase;
			buildActionMask = 2147483647;
			files = (
			);
			runOnlyForDeploymentPostprocessing = 0;
		};
/* End PBXResourcesBuildPhase section */

/* Begin PBXShellScriptBuildPhase section */
		0BA0916A39FAD18C24C59123 /* [CP] Check Pods Manifest.lock */ = {
			isa = PBXShellScriptBuildPhase;
			buildActionMask = 2147483647;
			files = (
			);
			inputFileListPaths = (
			);
			inputPaths = (
				"${PODS_PODFILE_DIR_PATH}/Podfile.lock",
				"${PODS_ROOT}/Manifest.lock",
			);
			name = "[CP] Check Pods Manifest.lock";
			outputFileListPaths = (
			);
			outputPaths = (
				"$(DERIVED_FILE_DIR)/Pods-KeyprTestTaskUITests-checkManifestLockResult.txt",
			);
			runOnlyForDeploymentPostprocessing = 0;
			shellPath = /bin/sh;
			shellScript = "diff \"${PODS_PODFILE_DIR_PATH}/Podfile.lock\" \"${PODS_ROOT}/Manifest.lock\" > /dev/null\nif [ $? != 0 ] ; then\n    # print error to STDERR\n    echo \"error: The sandbox is not in sync with the Podfile.lock. Run 'pod install' or update your CocoaPods installation.\" >&2\n    exit 1\nfi\n# This output is used by Xcode 'outputs' to avoid re-running this script phase.\necho \"SUCCESS\" > \"${SCRIPT_OUTPUT_FILE_0}\"\n";
			showEnvVarsInLog = 0;
		};
		5EA440F93B21D06CF8171FA2 /* [CP] Check Pods Manifest.lock */ = {
			isa = PBXShellScriptBuildPhase;
			buildActionMask = 2147483647;
			files = (
			);
			inputFileListPaths = (
			);
			inputPaths = (
				"${PODS_PODFILE_DIR_PATH}/Podfile.lock",
				"${PODS_ROOT}/Manifest.lock",
			);
			name = "[CP] Check Pods Manifest.lock";
			outputFileListPaths = (
			);
			outputPaths = (
				"$(DERIVED_FILE_DIR)/Pods-KeyprTestTask-checkManifestLockResult.txt",
			);
			runOnlyForDeploymentPostprocessing = 0;
			shellPath = /bin/sh;
			shellScript = "diff \"${PODS_PODFILE_DIR_PATH}/Podfile.lock\" \"${PODS_ROOT}/Manifest.lock\" > /dev/null\nif [ $? != 0 ] ; then\n    # print error to STDERR\n    echo \"error: The sandbox is not in sync with the Podfile.lock. Run 'pod install' or update your CocoaPods installation.\" >&2\n    exit 1\nfi\n# This output is used by Xcode 'outputs' to avoid re-running this script phase.\necho \"SUCCESS\" > \"${SCRIPT_OUTPUT_FILE_0}\"\n";
			showEnvVarsInLog = 0;
		};
		69BDC113224CFA640F7CC191 /* [CP] Embed Pods Frameworks */ = {
			isa = PBXShellScriptBuildPhase;
			buildActionMask = 2147483647;
			files = (
			);
			inputFileListPaths = (
			);
			inputPaths = (
				"${SRCROOT}/Pods/Target Support Files/Pods-KeyprTestTask/Pods-KeyprTestTask-frameworks.sh",
				"${BUILT_PRODUCTS_DIR}/Kingfisher/Kingfisher.framework",
				"${BUILT_PRODUCTS_DIR}/ReachabilitySwift/Reachability.framework",
			);
			name = "[CP] Embed Pods Frameworks";
			outputFileListPaths = (
			);
			outputPaths = (
				"${TARGET_BUILD_DIR}/${FRAMEWORKS_FOLDER_PATH}/Kingfisher.framework",
				"${TARGET_BUILD_DIR}/${FRAMEWORKS_FOLDER_PATH}/Reachability.framework",
			);
			runOnlyForDeploymentPostprocessing = 0;
			shellPath = /bin/sh;
			shellScript = "\"${SRCROOT}/Pods/Target Support Files/Pods-KeyprTestTask/Pods-KeyprTestTask-frameworks.sh\"\n";
			showEnvVarsInLog = 0;
		};
		8F1117CF919717AAB53B4A4B /* [CP] Check Pods Manifest.lock */ = {
			isa = PBXShellScriptBuildPhase;
			buildActionMask = 2147483647;
			files = (
			);
			inputFileListPaths = (
			);
			inputPaths = (
				"${PODS_PODFILE_DIR_PATH}/Podfile.lock",
				"${PODS_ROOT}/Manifest.lock",
			);
			name = "[CP] Check Pods Manifest.lock";
			outputFileListPaths = (
			);
			outputPaths = (
				"$(DERIVED_FILE_DIR)/Pods-KeyprTestTaskTests-checkManifestLockResult.txt",
			);
			runOnlyForDeploymentPostprocessing = 0;
			shellPath = /bin/sh;
			shellScript = "diff \"${PODS_PODFILE_DIR_PATH}/Podfile.lock\" \"${PODS_ROOT}/Manifest.lock\" > /dev/null\nif [ $? != 0 ] ; then\n    # print error to STDERR\n    echo \"error: The sandbox is not in sync with the Podfile.lock. Run 'pod install' or update your CocoaPods installation.\" >&2\n    exit 1\nfi\n# This output is used by Xcode 'outputs' to avoid re-running this script phase.\necho \"SUCCESS\" > \"${SCRIPT_OUTPUT_FILE_0}\"\n";
			showEnvVarsInLog = 0;
		};
/* End PBXShellScriptBuildPhase section */

/* Begin PBXSourcesBuildPhase section */
		2473AEBC2194A71400F6323B /* Sources */ = {
			isa = PBXSourcesBuildPhase;
			buildActionMask = 2147483647;
			files = (
				CEF6F5502198974000A72383 /* NetworkManager.swift in Sources */,
				CE5B78B82197209400E44A3E /* City+CoreDataProperties.swift in Sources */,
				CE5B78B72197209400E44A3E /* City+CoreDataClass.swift in Sources */,
				2473AEF72194B05800F6323B /* WeatherService.swift in Sources */,
				2473AEC62194A71400F6323B /* MainVC.swift in Sources */,
				CE5B78A821971F7B00E44A3E /* CoreDataStack.swift in Sources */,
				CE7AD2B021981D1E00180B8E /* String+Util.swift in Sources */,
				2473AECC2194A71400F6323B /* KeyprTestTask.xcdatamodeld in Sources */,
				CE5B78B62197209400E44A3E /* Weather+CoreDataProperties.swift in Sources */,
				CE5B78B52197209400E44A3E /* Weather+CoreDataClass.swift in Sources */,
				CE7AD2B2219820D500180B8E /* UINavigationItem+Util.swift in Sources */,
				CE7AD2AB2197890F00180B8E /* CityWeatherCell.swift in Sources */,
				2473AEF52194A79800F6323B /* APIService.swift in Sources */,
				CEE2436D219862B1009B0EA5 /* UIView+Animation.swift in Sources */,
				2473AEC42194A71400F6323B /* AppDelegate.swift in Sources */,
				CE396AF5219729CF0027234B /* Weather+APIResponse.swift in Sources */,
				CEF6F5592198E9EE00A72383 /* UIAccessibilityIdentifiers.swift in Sources */,
				CEE2436B219830D5009B0EA5 /* UIApplication+StatusBar.swift in Sources */,
				CEF6F5542198A37200A72383 /* CityCellViewModel.swift in Sources */,
				CEF6F5572198DB0000A72383 /* MainVCPresenter.swift in Sources */,
				CE7AD2AE21981ABC00180B8E /* UIColor+Util.swift in Sources */,
			);
			runOnlyForDeploymentPostprocessing = 0;
		};
		2473AED32194A71700F6323B /* Sources */ = {
			isa = PBXSourcesBuildPhase;
			buildActionMask = 2147483647;
			files = (
				2473AEDC2194A71700F6323B /* KeyprTestTaskTests.swift in Sources */,
			);
			runOnlyForDeploymentPostprocessing = 0;
		};
		2473AEDE2194A71700F6323B /* Sources */ = {
			isa = PBXSourcesBuildPhase;
			buildActionMask = 2147483647;
			files = (
				CEF6F55A2198E9F400A72383 /* UIAccessibilityIdentifiers.swift in Sources */,
				2473AEE72194A71700F6323B /* KeyprTestTaskUITests.swift in Sources */,
			);
			runOnlyForDeploymentPostprocessing = 0;
		};
/* End PBXSourcesBuildPhase section */

/* Begin PBXTargetDependency section */
		2473AED92194A71700F6323B /* PBXTargetDependency */ = {
			isa = PBXTargetDependency;
			target = 2473AEBF2194A71400F6323B /* KeyprTestTask */;
			targetProxy = 2473AED82194A71700F6323B /* PBXContainerItemProxy */;
		};
		2473AEE42194A71700F6323B /* PBXTargetDependency */ = {
			isa = PBXTargetDependency;
			target = 2473AEBF2194A71400F6323B /* KeyprTestTask */;
			targetProxy = 2473AEE32194A71700F6323B /* PBXContainerItemProxy */;
		};
/* End PBXTargetDependency section */

/* Begin PBXVariantGroup section */
		2473AECF2194A71700F6323B /* LaunchScreen.storyboard */ = {
			isa = PBXVariantGroup;
			children = (
				2473AED02194A71700F6323B /* Base */,
			);
			name = LaunchScreen.storyboard;
			sourceTree = "<group>";
		};
/* End PBXVariantGroup section */

/* Begin XCBuildConfiguration section */
		2473AEE92194A71700F6323B /* Debug */ = {
			isa = XCBuildConfiguration;
			buildSettings = {
				ALWAYS_SEARCH_USER_PATHS = NO;
				CLANG_ANALYZER_NONNULL = YES;
				CLANG_ANALYZER_NUMBER_OBJECT_CONVERSION = YES_AGGRESSIVE;
				CLANG_CXX_LANGUAGE_STANDARD = "gnu++14";
				CLANG_CXX_LIBRARY = "libc++";
				CLANG_ENABLE_MODULES = YES;
				CLANG_ENABLE_OBJC_ARC = YES;
				CLANG_ENABLE_OBJC_WEAK = YES;
				CLANG_WARN_BLOCK_CAPTURE_AUTORELEASING = YES;
				CLANG_WARN_BOOL_CONVERSION = YES;
				CLANG_WARN_COMMA = YES;
				CLANG_WARN_CONSTANT_CONVERSION = YES;
				CLANG_WARN_DEPRECATED_OBJC_IMPLEMENTATIONS = YES;
				CLANG_WARN_DIRECT_OBJC_ISA_USAGE = YES_ERROR;
				CLANG_WARN_DOCUMENTATION_COMMENTS = YES;
				CLANG_WARN_EMPTY_BODY = YES;
				CLANG_WARN_ENUM_CONVERSION = YES;
				CLANG_WARN_INFINITE_RECURSION = YES;
				CLANG_WARN_INT_CONVERSION = YES;
				CLANG_WARN_NON_LITERAL_NULL_CONVERSION = YES;
				CLANG_WARN_OBJC_IMPLICIT_RETAIN_SELF = YES;
				CLANG_WARN_OBJC_LITERAL_CONVERSION = YES;
				CLANG_WARN_OBJC_ROOT_CLASS = YES_ERROR;
				CLANG_WARN_RANGE_LOOP_ANALYSIS = YES;
				CLANG_WARN_STRICT_PROTOTYPES = YES;
				CLANG_WARN_SUSPICIOUS_MOVE = YES;
				CLANG_WARN_UNGUARDED_AVAILABILITY = YES_AGGRESSIVE;
				CLANG_WARN_UNREACHABLE_CODE = YES;
				CLANG_WARN__DUPLICATE_METHOD_MATCH = YES;
				CODE_SIGN_IDENTITY = "iPhone Developer";
				COPY_PHASE_STRIP = NO;
				DEBUG_INFORMATION_FORMAT = dwarf;
				ENABLE_STRICT_OBJC_MSGSEND = YES;
				ENABLE_TESTABILITY = YES;
				GCC_C_LANGUAGE_STANDARD = gnu11;
				GCC_DYNAMIC_NO_PIC = NO;
				GCC_NO_COMMON_BLOCKS = YES;
				GCC_OPTIMIZATION_LEVEL = 0;
				GCC_PREPROCESSOR_DEFINITIONS = (
					"DEBUG=1",
					"$(inherited)",
				);
				GCC_WARN_64_TO_32_BIT_CONVERSION = YES;
				GCC_WARN_ABOUT_RETURN_TYPE = YES_ERROR;
				GCC_WARN_UNDECLARED_SELECTOR = YES;
				GCC_WARN_UNINITIALIZED_AUTOS = YES_AGGRESSIVE;
				GCC_WARN_UNUSED_FUNCTION = YES;
				GCC_WARN_UNUSED_VARIABLE = YES;
				IPHONEOS_DEPLOYMENT_TARGET = 12.0;
				MTL_ENABLE_DEBUG_INFO = INCLUDE_SOURCE;
				MTL_FAST_MATH = YES;
				ONLY_ACTIVE_ARCH = YES;
				SDKROOT = iphoneos;
				SWIFT_ACTIVE_COMPILATION_CONDITIONS = DEBUG;
				SWIFT_OPTIMIZATION_LEVEL = "-Onone";
			};
			name = Debug;
		};
		2473AEEA2194A71700F6323B /* Release */ = {
			isa = XCBuildConfiguration;
			buildSettings = {
				ALWAYS_SEARCH_USER_PATHS = NO;
				CLANG_ANALYZER_NONNULL = YES;
				CLANG_ANALYZER_NUMBER_OBJECT_CONVERSION = YES_AGGRESSIVE;
				CLANG_CXX_LANGUAGE_STANDARD = "gnu++14";
				CLANG_CXX_LIBRARY = "libc++";
				CLANG_ENABLE_MODULES = YES;
				CLANG_ENABLE_OBJC_ARC = YES;
				CLANG_ENABLE_OBJC_WEAK = YES;
				CLANG_WARN_BLOCK_CAPTURE_AUTORELEASING = YES;
				CLANG_WARN_BOOL_CONVERSION = YES;
				CLANG_WARN_COMMA = YES;
				CLANG_WARN_CONSTANT_CONVERSION = YES;
				CLANG_WARN_DEPRECATED_OBJC_IMPLEMENTATIONS = YES;
				CLANG_WARN_DIRECT_OBJC_ISA_USAGE = YES_ERROR;
				CLANG_WARN_DOCUMENTATION_COMMENTS = YES;
				CLANG_WARN_EMPTY_BODY = YES;
				CLANG_WARN_ENUM_CONVERSION = YES;
				CLANG_WARN_INFINITE_RECURSION = YES;
				CLANG_WARN_INT_CONVERSION = YES;
				CLANG_WARN_NON_LITERAL_NULL_CONVERSION = YES;
				CLANG_WARN_OBJC_IMPLICIT_RETAIN_SELF = YES;
				CLANG_WARN_OBJC_LITERAL_CONVERSION = YES;
				CLANG_WARN_OBJC_ROOT_CLASS = YES_ERROR;
				CLANG_WARN_RANGE_LOOP_ANALYSIS = YES;
				CLANG_WARN_STRICT_PROTOTYPES = YES;
				CLANG_WARN_SUSPICIOUS_MOVE = YES;
				CLANG_WARN_UNGUARDED_AVAILABILITY = YES_AGGRESSIVE;
				CLANG_WARN_UNREACHABLE_CODE = YES;
				CLANG_WARN__DUPLICATE_METHOD_MATCH = YES;
				CODE_SIGN_IDENTITY = "iPhone Developer";
				COPY_PHASE_STRIP = NO;
				DEBUG_INFORMATION_FORMAT = "dwarf-with-dsym";
				ENABLE_NS_ASSERTIONS = NO;
				ENABLE_STRICT_OBJC_MSGSEND = YES;
				GCC_C_LANGUAGE_STANDARD = gnu11;
				GCC_NO_COMMON_BLOCKS = YES;
				GCC_WARN_64_TO_32_BIT_CONVERSION = YES;
				GCC_WARN_ABOUT_RETURN_TYPE = YES_ERROR;
				GCC_WARN_UNDECLARED_SELECTOR = YES;
				GCC_WARN_UNINITIALIZED_AUTOS = YES_AGGRESSIVE;
				GCC_WARN_UNUSED_FUNCTION = YES;
				GCC_WARN_UNUSED_VARIABLE = YES;
				IPHONEOS_DEPLOYMENT_TARGET = 12.0;
				MTL_ENABLE_DEBUG_INFO = NO;
				MTL_FAST_MATH = YES;
				SDKROOT = iphoneos;
				SWIFT_COMPILATION_MODE = wholemodule;
				SWIFT_OPTIMIZATION_LEVEL = "-O";
				VALIDATE_PRODUCT = YES;
			};
			name = Release;
		};
		2473AEEC2194A71700F6323B /* Debug */ = {
			isa = XCBuildConfiguration;
			baseConfigurationReference = 0BA8751F0F3874DBBA101E1E /* Pods-KeyprTestTask.debug.xcconfig */;
			buildSettings = {
				ASSETCATALOG_COMPILER_APPICON_NAME = AppIcon;
				CODE_SIGN_STYLE = Automatic;
				DEVELOPMENT_TEAM = MR5E9K3P87;
				INFOPLIST_FILE = KeyprTestTask/Info.plist;
				IPHONEOS_DEPLOYMENT_TARGET = 10.0;
				LD_RUNPATH_SEARCH_PATHS = (
					"$(inherited)",
					"@executable_path/Frameworks",
				);
				PRODUCT_BUNDLE_IDENTIFIER = com.KeyprTestTask;
				PRODUCT_NAME = "$(TARGET_NAME)";
				SWIFT_VERSION = 4.2;
				TARGETED_DEVICE_FAMILY = "1,2";
			};
			name = Debug;
		};
		2473AEED2194A71700F6323B /* Release */ = {
			isa = XCBuildConfiguration;
			baseConfigurationReference = 1CED5FB9CC19FD516CA2D4E8 /* Pods-KeyprTestTask.release.xcconfig */;
			buildSettings = {
				ASSETCATALOG_COMPILER_APPICON_NAME = AppIcon;
				CODE_SIGN_STYLE = Automatic;
				DEVELOPMENT_TEAM = MR5E9K3P87;
				INFOPLIST_FILE = KeyprTestTask/Info.plist;
				IPHONEOS_DEPLOYMENT_TARGET = 10.0;
				LD_RUNPATH_SEARCH_PATHS = (
					"$(inherited)",
					"@executable_path/Frameworks",
				);
				PRODUCT_BUNDLE_IDENTIFIER = com.KeyprTestTask;
				PRODUCT_NAME = "$(TARGET_NAME)";
				SWIFT_VERSION = 4.2;
				TARGETED_DEVICE_FAMILY = "1,2";
			};
			name = Release;
		};
		2473AEEF2194A71700F6323B /* Debug */ = {
			isa = XCBuildConfiguration;
			baseConfigurationReference = 22D129459C4503AEEBB6573C /* Pods-KeyprTestTaskTests.debug.xcconfig */;
			buildSettings = {
				ALWAYS_EMBED_SWIFT_STANDARD_LIBRARIES = YES;
				BUNDLE_LOADER = "$(TEST_HOST)";
				CODE_SIGN_STYLE = Automatic;
				DEVELOPMENT_TEAM = MR5E9K3P87;
				INFOPLIST_FILE = KeyprTestTaskTests/Info.plist;
				LD_RUNPATH_SEARCH_PATHS = (
					"$(inherited)",
					"@executable_path/Frameworks",
					"@loader_path/Frameworks",
				);
				PRODUCT_BUNDLE_IDENTIFIER = com.KeyprTestTaskTests;
				PRODUCT_NAME = "$(TARGET_NAME)";
				SWIFT_VERSION = 4.2;
				TARGETED_DEVICE_FAMILY = "1,2";
				TEST_HOST = "$(BUILT_PRODUCTS_DIR)/KeyprTestTask.app/KeyprTestTask";
			};
			name = Debug;
		};
		2473AEF02194A71700F6323B /* Release */ = {
			isa = XCBuildConfiguration;
			baseConfigurationReference = F728FFAC41367254BDCA38AA /* Pods-KeyprTestTaskTests.release.xcconfig */;
			buildSettings = {
				ALWAYS_EMBED_SWIFT_STANDARD_LIBRARIES = YES;
				BUNDLE_LOADER = "$(TEST_HOST)";
				CODE_SIGN_STYLE = Automatic;
				DEVELOPMENT_TEAM = MR5E9K3P87;
				INFOPLIST_FILE = KeyprTestTaskTests/Info.plist;
				LD_RUNPATH_SEARCH_PATHS = (
					"$(inherited)",
					"@executable_path/Frameworks",
					"@loader_path/Frameworks",
				);
				PRODUCT_BUNDLE_IDENTIFIER = com.KeyprTestTaskTests;
				PRODUCT_NAME = "$(TARGET_NAME)";
				SWIFT_VERSION = 4.2;
				TARGETED_DEVICE_FAMILY = "1,2";
				TEST_HOST = "$(BUILT_PRODUCTS_DIR)/KeyprTestTask.app/KeyprTestTask";
			};
			name = Release;
		};
		2473AEF22194A71700F6323B /* Debug */ = {
			isa = XCBuildConfiguration;
			baseConfigurationReference = 5FD14A7114439B7AEA03C8BD /* Pods-KeyprTestTaskUITests.debug.xcconfig */;
			buildSettings = {
				ALWAYS_EMBED_SWIFT_STANDARD_LIBRARIES = YES;
				CODE_SIGN_STYLE = Automatic;
				DEVELOPMENT_TEAM = MR5E9K3P87;
				INFOPLIST_FILE = KeyprTestTaskUITests/Info.plist;
				LD_RUNPATH_SEARCH_PATHS = (
					"$(inherited)",
					"@executable_path/Frameworks",
					"@loader_path/Frameworks",
				);
				PRODUCT_BUNDLE_IDENTIFIER = com.KeyprTestTaskUITests;
				PRODUCT_NAME = "$(TARGET_NAME)";
				SWIFT_VERSION = 4.2;
				TARGETED_DEVICE_FAMILY = "1,2";
				TEST_TARGET_NAME = KeyprTestTask;
			};
			name = Debug;
		};
		2473AEF32194A71700F6323B /* Release */ = {
			isa = XCBuildConfiguration;
			baseConfigurationReference = 5ADB43A51B1E5F17F4F67CC3 /* Pods-KeyprTestTaskUITests.release.xcconfig */;
			buildSettings = {
				ALWAYS_EMBED_SWIFT_STANDARD_LIBRARIES = YES;
				CODE_SIGN_STYLE = Automatic;
				DEVELOPMENT_TEAM = MR5E9K3P87;
				INFOPLIST_FILE = KeyprTestTaskUITests/Info.plist;
				LD_RUNPATH_SEARCH_PATHS = (
					"$(inherited)",
					"@executable_path/Frameworks",
					"@loader_path/Frameworks",
				);
				PRODUCT_BUNDLE_IDENTIFIER = com.KeyprTestTaskUITests;
				PRODUCT_NAME = "$(TARGET_NAME)";
				SWIFT_VERSION = 4.2;
				TARGETED_DEVICE_FAMILY = "1,2";
				TEST_TARGET_NAME = KeyprTestTask;
			};
			name = Release;
		};
/* End XCBuildConfiguration section */

/* Begin XCConfigurationList section */
		2473AEBB2194A71400F6323B /* Build configuration list for PBXProject "KeyprTestTask" */ = {
			isa = XCConfigurationList;
			buildConfigurations = (
				2473AEE92194A71700F6323B /* Debug */,
				2473AEEA2194A71700F6323B /* Release */,
			);
			defaultConfigurationIsVisible = 0;
			defaultConfigurationName = Release;
		};
		2473AEEB2194A71700F6323B /* Build configuration list for PBXNativeTarget "KeyprTestTask" */ = {
			isa = XCConfigurationList;
			buildConfigurations = (
				2473AEEC2194A71700F6323B /* Debug */,
				2473AEED2194A71700F6323B /* Release */,
			);
			defaultConfigurationIsVisible = 0;
			defaultConfigurationName = Release;
		};
		2473AEEE2194A71700F6323B /* Build configuration list for PBXNativeTarget "KeyprTestTaskTests" */ = {
			isa = XCConfigurationList;
			buildConfigurations = (
				2473AEEF2194A71700F6323B /* Debug */,
				2473AEF02194A71700F6323B /* Release */,
			);
			defaultConfigurationIsVisible = 0;
			defaultConfigurationName = Release;
		};
		2473AEF12194A71700F6323B /* Build configuration list for PBXNativeTarget "KeyprTestTaskUITests" */ = {
			isa = XCConfigurationList;
			buildConfigurations = (
				2473AEF22194A71700F6323B /* Debug */,
				2473AEF32194A71700F6323B /* Release */,
			);
			defaultConfigurationIsVisible = 0;
			defaultConfigurationName = Release;
		};
/* End XCConfigurationList section */

/* Begin XCVersionGroup section */
		2473AECA2194A71400F6323B /* KeyprTestTask.xcdatamodeld */ = {
			isa = XCVersionGroup;
			children = (
				2473AECB2194A71400F6323B /* KeyprTestTask.xcdatamodel */,
			);
			currentVersion = 2473AECB2194A71400F6323B /* KeyprTestTask.xcdatamodel */;
			path = KeyprTestTask.xcdatamodeld;
			sourceTree = "<group>";
			versionGroupType = wrapper.xcdatamodel;
		};
/* End XCVersionGroup section */
	};
	rootObject = 2473AEB82194A71400F6323B /* Project object */;
}
